// !$*UTF8*$!
{
	archiveVersion = 1;
	classes = {
	};
	objectVersion = 55;
	objects = {

/* Begin PBXBuildFile section */
		4D53425727EC0FCA0070D823 /* SelectBoxListViewModel.swift in Sources */ = {isa = PBXBuildFile; fileRef = 4D53425227EC0FCA0070D823 /* SelectBoxListViewModel.swift */; };
		4D53425827EC0FCA0070D823 /* SelectBoxListCoordinator.swift in Sources */ = {isa = PBXBuildFile; fileRef = 4D53425427EC0FCA0070D823 /* SelectBoxListCoordinator.swift */; };
		4D53425927EC0FCA0070D823 /* SelectBoxListViewController.swift in Sources */ = {isa = PBXBuildFile; fileRef = 4D53425627EC0FCA0070D823 /* SelectBoxListViewController.swift */; };
		4D53425B27EC10FE0070D823 /* SelectBoxListDiffableDataSource.swift in Sources */ = {isa = PBXBuildFile; fileRef = 4D53425A27EC10FE0070D823 /* SelectBoxListDiffableDataSource.swift */; };
		4D53425D27EC12120070D823 /* SelectBoxListCell.swift in Sources */ = {isa = PBXBuildFile; fileRef = 4D53425C27EC12120070D823 /* SelectBoxListCell.swift */; };
		4D53426027EC1EF90070D823 /* SelectBoxListHeaderView.swift in Sources */ = {isa = PBXBuildFile; fileRef = 4D53425F27EC1EF90070D823 /* SelectBoxListHeaderView.swift */; };
		4DD8FB7027EB468E009CCFF6 /* AppDelegate.swift in Sources */ = {isa = PBXBuildFile; fileRef = 4DD8FB6F27EB468E009CCFF6 /* AppDelegate.swift */; };
		4DD8FB7927EB468F009CCFF6 /* Assets.xcassets in Resources */ = {isa = PBXBuildFile; fileRef = 4DD8FB7827EB468F009CCFF6 /* Assets.xcassets */; };
		4DD8FB7C27EB468F009CCFF6 /* LaunchScreen.storyboard in Resources */ = {isa = PBXBuildFile; fileRef = 4DD8FB7A27EB468F009CCFF6 /* LaunchScreen.storyboard */; };
		4DD8FB8727EB4701009CCFF6 /* MKFoundation in Frameworks */ = {isa = PBXBuildFile; productRef = 4DD8FB8627EB4701009CCFF6 /* MKFoundation */; };
		4DD8FB8C27EB4921009CCFF6 /* AppCoordinator.swift in Sources */ = {isa = PBXBuildFile; fileRef = 4DD8FB8B27EB4921009CCFF6 /* AppCoordinator.swift */; };
		4DD8FB8E27EB4941009CCFF6 /* BaseCoordinator.swift in Sources */ = {isa = PBXBuildFile; fileRef = 4DD8FB8D27EB4941009CCFF6 /* BaseCoordinator.swift */; };
		4DD8FB9027EB4969009CCFF6 /* Coordinator+FlowType.swift in Sources */ = {isa = PBXBuildFile; fileRef = 4DD8FB8F27EB4969009CCFF6 /* Coordinator+FlowType.swift */; };
		4DD8FB9527EB4D43009CCFF6 /* BaseViewController.swift in Sources */ = {isa = PBXBuildFile; fileRef = 4DD8FB9427EB4D43009CCFF6 /* BaseViewController.swift */; };
		4DD8FB9727EB4DF3009CCFF6 /* BaseViewModel.swift in Sources */ = {isa = PBXBuildFile; fileRef = 4DD8FB9627EB4DF3009CCFF6 /* BaseViewModel.swift */; };
		4DD8FBA027EB5B0E009CCFF6 /* ExampleListViewModel.swift in Sources */ = {isa = PBXBuildFile; fileRef = 4DD8FB9B27EB5B0E009CCFF6 /* ExampleListViewModel.swift */; };
		4DD8FBA127EB5B0E009CCFF6 /* ExampleListCoordinator.swift in Sources */ = {isa = PBXBuildFile; fileRef = 4DD8FB9D27EB5B0E009CCFF6 /* ExampleListCoordinator.swift */; };
		4DD8FBA227EB5B0E009CCFF6 /* ExampleListViewController.swift in Sources */ = {isa = PBXBuildFile; fileRef = 4DD8FB9F27EB5B0E009CCFF6 /* ExampleListViewController.swift */; };
		4DD8FBA827EB6800009CCFF6 /* ExampleListTypes.swift in Sources */ = {isa = PBXBuildFile; fileRef = 4DD8FBA727EB6800009CCFF6 /* ExampleListTypes.swift */; };
		4DD8FBAB27EB6887009CCFF6 /* SnapKit in Frameworks */ = {isa = PBXBuildFile; productRef = 4DD8FBAA27EB6887009CCFF6 /* SnapKit */; };
		4DD8FBAE27EB68EE009CCFF6 /* ExampleListCell.swift in Sources */ = {isa = PBXBuildFile; fileRef = 4DD8FBAD27EB68EE009CCFF6 /* ExampleListCell.swift */; };
		4DD8FBB227EB6BE5009CCFF6 /* ExampleListViewController+Datasource.swift in Sources */ = {isa = PBXBuildFile; fileRef = 4DD8FBB127EB6BE5009CCFF6 /* ExampleListViewController+Datasource.swift */; };
		4DD8FBBA27EB769C009CCFF6 /* ButtonListViewModel.swift in Sources */ = {isa = PBXBuildFile; fileRef = 4DD8FBB527EB769C009CCFF6 /* ButtonListViewModel.swift */; };
		4DD8FBBB27EB769C009CCFF6 /* ButtonListCoordinator.swift in Sources */ = {isa = PBXBuildFile; fileRef = 4DD8FBB727EB769C009CCFF6 /* ButtonListCoordinator.swift */; };
		4DD8FBBC27EB769C009CCFF6 /* ButtonListViewController.swift in Sources */ = {isa = PBXBuildFile; fileRef = 4DD8FBB927EB769C009CCFF6 /* ButtonListViewController.swift */; };
		4DD8FBBE27EB76FE009CCFF6 /* ButtonListDiffableDataSource.swift in Sources */ = {isa = PBXBuildFile; fileRef = 4DD8FBBD27EB76FE009CCFF6 /* ButtonListDiffableDataSource.swift */; };
		4DD8FBC127EB7858009CCFF6 /* ButtonCell.swift in Sources */ = {isa = PBXBuildFile; fileRef = 4DD8FBC027EB7858009CCFF6 /* ButtonCell.swift */; };
/* End PBXBuildFile section */

/* Begin PBXFileReference section */
		4D53425227EC0FCA0070D823 /* SelectBoxListViewModel.swift */ = {isa = PBXFileReference; fileEncoding = 4; lastKnownFileType = sourcecode.swift; path = SelectBoxListViewModel.swift; sourceTree = "<group>"; };
		4D53425427EC0FCA0070D823 /* SelectBoxListCoordinator.swift */ = {isa = PBXFileReference; fileEncoding = 4; lastKnownFileType = sourcecode.swift; path = SelectBoxListCoordinator.swift; sourceTree = "<group>"; };
		4D53425627EC0FCA0070D823 /* SelectBoxListViewController.swift */ = {isa = PBXFileReference; fileEncoding = 4; lastKnownFileType = sourcecode.swift; path = SelectBoxListViewController.swift; sourceTree = "<group>"; };
		4D53425A27EC10FE0070D823 /* SelectBoxListDiffableDataSource.swift */ = {isa = PBXFileReference; lastKnownFileType = sourcecode.swift; path = SelectBoxListDiffableDataSource.swift; sourceTree = "<group>"; };
		4D53425C27EC12120070D823 /* SelectBoxListCell.swift */ = {isa = PBXFileReference; lastKnownFileType = sourcecode.swift; path = SelectBoxListCell.swift; sourceTree = "<group>"; };
		4D53425F27EC1EF90070D823 /* SelectBoxListHeaderView.swift */ = {isa = PBXFileReference; lastKnownFileType = sourcecode.swift; path = SelectBoxListHeaderView.swift; sourceTree = "<group>"; };
		4DD8FB6C27EB468E009CCFF6 /* MKFoundationExample.app */ = {isa = PBXFileReference; explicitFileType = wrapper.application; includeInIndex = 0; path = MKFoundationExample.app; sourceTree = BUILT_PRODUCTS_DIR; };
		4DD8FB6F27EB468E009CCFF6 /* AppDelegate.swift */ = {isa = PBXFileReference; lastKnownFileType = sourcecode.swift; path = AppDelegate.swift; sourceTree = "<group>"; };
		4DD8FB7827EB468F009CCFF6 /* Assets.xcassets */ = {isa = PBXFileReference; lastKnownFileType = folder.assetcatalog; path = Assets.xcassets; sourceTree = "<group>"; };
		4DD8FB7B27EB468F009CCFF6 /* Base */ = {isa = PBXFileReference; lastKnownFileType = file.storyboard; name = Base; path = Base.lproj/LaunchScreen.storyboard; sourceTree = "<group>"; };
		4DD8FB7D27EB468F009CCFF6 /* Info.plist */ = {isa = PBXFileReference; lastKnownFileType = text.plist.xml; path = Info.plist; sourceTree = "<group>"; };
		4DD8FB8427EB46F6009CCFF6 /* mk_foundation */ = {isa = PBXFileReference; lastKnownFileType = wrapper; name = mk_foundation; path = ..; sourceTree = "<group>"; };
		4DD8FB8B27EB4921009CCFF6 /* AppCoordinator.swift */ = {isa = PBXFileReference; lastKnownFileType = sourcecode.swift; path = AppCoordinator.swift; sourceTree = "<group>"; };
		4DD8FB8D27EB4941009CCFF6 /* BaseCoordinator.swift */ = {isa = PBXFileReference; lastKnownFileType = sourcecode.swift; path = BaseCoordinator.swift; sourceTree = "<group>"; };
		4DD8FB8F27EB4969009CCFF6 /* Coordinator+FlowType.swift */ = {isa = PBXFileReference; lastKnownFileType = sourcecode.swift; path = "Coordinator+FlowType.swift"; sourceTree = "<group>"; };
		4DD8FB9427EB4D43009CCFF6 /* BaseViewController.swift */ = {isa = PBXFileReference; lastKnownFileType = sourcecode.swift; path = BaseViewController.swift; sourceTree = "<group>"; };
		4DD8FB9627EB4DF3009CCFF6 /* BaseViewModel.swift */ = {isa = PBXFileReference; lastKnownFileType = sourcecode.swift; path = BaseViewModel.swift; sourceTree = "<group>"; };
		4DD8FB9B27EB5B0E009CCFF6 /* ExampleListViewModel.swift */ = {isa = PBXFileReference; fileEncoding = 4; lastKnownFileType = sourcecode.swift; path = ExampleListViewModel.swift; sourceTree = "<group>"; };
		4DD8FB9D27EB5B0E009CCFF6 /* ExampleListCoordinator.swift */ = {isa = PBXFileReference; fileEncoding = 4; lastKnownFileType = sourcecode.swift; path = ExampleListCoordinator.swift; sourceTree = "<group>"; };
		4DD8FB9F27EB5B0E009CCFF6 /* ExampleListViewController.swift */ = {isa = PBXFileReference; fileEncoding = 4; lastKnownFileType = sourcecode.swift; path = ExampleListViewController.swift; sourceTree = "<group>"; };
		4DD8FBA727EB6800009CCFF6 /* ExampleListTypes.swift */ = {isa = PBXFileReference; lastKnownFileType = sourcecode.swift; path = ExampleListTypes.swift; sourceTree = "<group>"; };
		4DD8FBAD27EB68EE009CCFF6 /* ExampleListCell.swift */ = {isa = PBXFileReference; lastKnownFileType = sourcecode.swift; path = ExampleListCell.swift; sourceTree = "<group>"; };
		4DD8FBB127EB6BE5009CCFF6 /* ExampleListViewController+Datasource.swift */ = {isa = PBXFileReference; lastKnownFileType = sourcecode.swift; path = "ExampleListViewController+Datasource.swift"; sourceTree = "<group>"; };
		4DD8FBB527EB769C009CCFF6 /* ButtonListViewModel.swift */ = {isa = PBXFileReference; fileEncoding = 4; lastKnownFileType = sourcecode.swift; path = ButtonListViewModel.swift; sourceTree = "<group>"; };
		4DD8FBB727EB769C009CCFF6 /* ButtonListCoordinator.swift */ = {isa = PBXFileReference; fileEncoding = 4; lastKnownFileType = sourcecode.swift; path = ButtonListCoordinator.swift; sourceTree = "<group>"; };
		4DD8FBB927EB769C009CCFF6 /* ButtonListViewController.swift */ = {isa = PBXFileReference; fileEncoding = 4; lastKnownFileType = sourcecode.swift; path = ButtonListViewController.swift; sourceTree = "<group>"; };
		4DD8FBBD27EB76FE009CCFF6 /* ButtonListDiffableDataSource.swift */ = {isa = PBXFileReference; lastKnownFileType = sourcecode.swift; path = ButtonListDiffableDataSource.swift; sourceTree = "<group>"; };
		4DD8FBC027EB7858009CCFF6 /* ButtonCell.swift */ = {isa = PBXFileReference; lastKnownFileType = sourcecode.swift; path = ButtonCell.swift; sourceTree = "<group>"; };
/* End PBXFileReference section */

/* Begin PBXFrameworksBuildPhase section */
		4DD8FB6927EB468E009CCFF6 /* Frameworks */ = {
			isa = PBXFrameworksBuildPhase;
			buildActionMask = 2147483647;
			files = (
				4DD8FB8727EB4701009CCFF6 /* MKFoundation in Frameworks */,
				4DD8FBAB27EB6887009CCFF6 /* SnapKit in Frameworks */,
			);
			runOnlyForDeploymentPostprocessing = 0;
		};
/* End PBXFrameworksBuildPhase section */

/* Begin PBXGroup section */
		4D53425027EC0FCA0070D823 /* SelectBoxListScene */ = {
			isa = PBXGroup;
			children = (
				4D53425127EC0FCA0070D823 /* ViewModel */,
				4D53425327EC0FCA0070D823 /* Coordinator */,
				4D53425527EC0FCA0070D823 /* View */,
			);
			path = SelectBoxListScene;
			sourceTree = "<group>";
		};
		4D53425127EC0FCA0070D823 /* ViewModel */ = {
			isa = PBXGroup;
			children = (
				4D53425227EC0FCA0070D823 /* SelectBoxListViewModel.swift */,
			);
			path = ViewModel;
			sourceTree = "<group>";
		};
		4D53425327EC0FCA0070D823 /* Coordinator */ = {
			isa = PBXGroup;
			children = (
				4D53425427EC0FCA0070D823 /* SelectBoxListCoordinator.swift */,
			);
			path = Coordinator;
			sourceTree = "<group>";
		};
		4D53425527EC0FCA0070D823 /* View */ = {
			isa = PBXGroup;
			children = (
				4D53425E27EC12140070D823 /* Cells */,
				4D53425627EC0FCA0070D823 /* SelectBoxListViewController.swift */,
				4D53425A27EC10FE0070D823 /* SelectBoxListDiffableDataSource.swift */,
			);
			path = View;
			sourceTree = "<group>";
		};
		4D53425E27EC12140070D823 /* Cells */ = {
			isa = PBXGroup;
			children = (
				4D53425C27EC12120070D823 /* SelectBoxListCell.swift */,
				4D53425F27EC1EF90070D823 /* SelectBoxListHeaderView.swift */,
			);
			path = Cells;
			sourceTree = "<group>";
		};
		4DD8FB6327EB468E009CCFF6 = {
			isa = PBXGroup;
			children = (
				4DD8FB8327EB46F6009CCFF6 /* Packages */,
				4DD8FB6E27EB468E009CCFF6 /* MKFoundationExample */,
				4DD8FB6D27EB468E009CCFF6 /* Products */,
				4DD8FB8527EB4701009CCFF6 /* Frameworks */,
			);
			sourceTree = "<group>";
		};
		4DD8FB6D27EB468E009CCFF6 /* Products */ = {
			isa = PBXGroup;
			children = (
				4DD8FB6C27EB468E009CCFF6 /* MKFoundationExample.app */,
			);
			name = Products;
			sourceTree = "<group>";
		};
		4DD8FB6E27EB468E009CCFF6 /* MKFoundationExample */ = {
			isa = PBXGroup;
			children = (
				4DD8FB8927EB48D7009CCFF6 /* Application Layer */,
				4DD8FB9227EB4D26009CCFF6 /* Presentation Layer */,
				4DD8FBA327EB67CA009CCFF6 /* Domain Layer */,
				4DD8FB8A27EB48DF009CCFF6 /* Resources */,
				4DD8FB7D27EB468F009CCFF6 /* Info.plist */,
			);
			path = MKFoundationExample;
			sourceTree = "<group>";
		};
		4DD8FB8327EB46F6009CCFF6 /* Packages */ = {
			isa = PBXGroup;
			children = (
				4DD8FB8427EB46F6009CCFF6 /* mk_foundation */,
			);
			name = Packages;
			sourceTree = "<group>";
		};
		4DD8FB8527EB4701009CCFF6 /* Frameworks */ = {
			isa = PBXGroup;
			children = (
			);
			name = Frameworks;
			sourceTree = "<group>";
		};
		4DD8FB8927EB48D7009CCFF6 /* Application Layer */ = {
			isa = PBXGroup;
			children = (
				4DD8FB6F27EB468E009CCFF6 /* AppDelegate.swift */,
				4DD8FB9127EB4D03009CCFF6 /* Coordinator */,
			);
			path = "Application Layer";
			sourceTree = "<group>";
		};
		4DD8FB8A27EB48DF009CCFF6 /* Resources */ = {
			isa = PBXGroup;
			children = (
				4DD8FB7A27EB468F009CCFF6 /* LaunchScreen.storyboard */,
				4DD8FB7827EB468F009CCFF6 /* Assets.xcassets */,
			);
			path = Resources;
			sourceTree = "<group>";
		};
		4DD8FB9127EB4D03009CCFF6 /* Coordinator */ = {
			isa = PBXGroup;
			children = (
				4DD8FB8B27EB4921009CCFF6 /* AppCoordinator.swift */,
				4DD8FB8D27EB4941009CCFF6 /* BaseCoordinator.swift */,
				4DD8FB8F27EB4969009CCFF6 /* Coordinator+FlowType.swift */,
			);
			path = Coordinator;
			sourceTree = "<group>";
		};
		4DD8FB9227EB4D26009CCFF6 /* Presentation Layer */ = {
			isa = PBXGroup;
			children = (
				4D53425027EC0FCA0070D823 /* SelectBoxListScene */,
				4DD8FBB327EB769C009CCFF6 /* ButtonListScene */,
				4DD8FB9927EB5B0E009CCFF6 /* ExampleListScene */,
				4DD8FB9327EB4D3C009CCFF6 /* Common */,
			);
			path = "Presentation Layer";
			sourceTree = "<group>";
		};
		4DD8FB9327EB4D3C009CCFF6 /* Common */ = {
			isa = PBXGroup;
			children = (
				4DD8FB9827EB4E1A009CCFF6 /* Base */,
			);
			path = Common;
			sourceTree = "<group>";
		};
		4DD8FB9827EB4E1A009CCFF6 /* Base */ = {
			isa = PBXGroup;
			children = (
				4DD8FB9427EB4D43009CCFF6 /* BaseViewController.swift */,
				4DD8FB9627EB4DF3009CCFF6 /* BaseViewModel.swift */,
			);
			path = Base;
			sourceTree = "<group>";
		};
		4DD8FB9927EB5B0E009CCFF6 /* ExampleListScene */ = {
			isa = PBXGroup;
			children = (
				4DD8FB9A27EB5B0E009CCFF6 /* ViewModel */,
				4DD8FB9C27EB5B0E009CCFF6 /* Coordinator */,
				4DD8FB9E27EB5B0E009CCFF6 /* View */,
			);
			path = ExampleListScene;
			sourceTree = "<group>";
		};
		4DD8FB9A27EB5B0E009CCFF6 /* ViewModel */ = {
			isa = PBXGroup;
			children = (
				4DD8FB9B27EB5B0E009CCFF6 /* ExampleListViewModel.swift */,
			);
			path = ViewModel;
			sourceTree = "<group>";
		};
		4DD8FB9C27EB5B0E009CCFF6 /* Coordinator */ = {
			isa = PBXGroup;
			children = (
				4DD8FB9D27EB5B0E009CCFF6 /* ExampleListCoordinator.swift */,
			);
			path = Coordinator;
			sourceTree = "<group>";
		};
		4DD8FB9E27EB5B0E009CCFF6 /* View */ = {
			isa = PBXGroup;
			children = (
				4DD8FBAC27EB68E5009CCFF6 /* Cells */,
				4DD8FB9F27EB5B0E009CCFF6 /* ExampleListViewController.swift */,
				4DD8FBB127EB6BE5009CCFF6 /* ExampleListViewController+Datasource.swift */,
			);
			path = View;
			sourceTree = "<group>";
		};
		4DD8FBA327EB67CA009CCFF6 /* Domain Layer */ = {
			isa = PBXGroup;
			children = (
				4DD8FBA627EB67EA009CCFF6 /* Entities */,
			);
			path = "Domain Layer";
			sourceTree = "<group>";
		};
		4DD8FBA627EB67EA009CCFF6 /* Entities */ = {
			isa = PBXGroup;
			children = (
				4DD8FBA727EB6800009CCFF6 /* ExampleListTypes.swift */,
			);
			path = Entities;
			sourceTree = "<group>";
		};
		4DD8FBAC27EB68E5009CCFF6 /* Cells */ = {
			isa = PBXGroup;
			children = (
				4DD8FBAD27EB68EE009CCFF6 /* ExampleListCell.swift */,
			);
			path = Cells;
			sourceTree = "<group>";
		};
		4DD8FBB327EB769C009CCFF6 /* ButtonListScene */ = {
			isa = PBXGroup;
			children = (
				4DD8FBB427EB769C009CCFF6 /* ViewModel */,
				4DD8FBB627EB769C009CCFF6 /* Coordinator */,
				4DD8FBB827EB769C009CCFF6 /* View */,
			);
			path = ButtonListScene;
			sourceTree = "<group>";
		};
		4DD8FBB427EB769C009CCFF6 /* ViewModel */ = {
			isa = PBXGroup;
			children = (
				4DD8FBB527EB769C009CCFF6 /* ButtonListViewModel.swift */,
			);
			path = ViewModel;
			sourceTree = "<group>";
		};
		4DD8FBB627EB769C009CCFF6 /* Coordinator */ = {
			isa = PBXGroup;
			children = (
				4DD8FBB727EB769C009CCFF6 /* ButtonListCoordinator.swift */,
			);
			path = Coordinator;
			sourceTree = "<group>";
		};
		4DD8FBB827EB769C009CCFF6 /* View */ = {
			isa = PBXGroup;
			children = (
				4DD8FBBF27EB7851009CCFF6 /* Cells */,
				4DD8FBB927EB769C009CCFF6 /* ButtonListViewController.swift */,
				4DD8FBBD27EB76FE009CCFF6 /* ButtonListDiffableDataSource.swift */,
			);
			path = View;
			sourceTree = "<group>";
		};
		4DD8FBBF27EB7851009CCFF6 /* Cells */ = {
			isa = PBXGroup;
			children = (
				4DD8FBC027EB7858009CCFF6 /* ButtonCell.swift */,
			);
			path = Cells;
			sourceTree = "<group>";
		};
/* End PBXGroup section */

/* Begin PBXNativeTarget section */
		4DD8FB6B27EB468E009CCFF6 /* MKFoundationExample */ = {
			isa = PBXNativeTarget;
			buildConfigurationList = 4DD8FB8027EB468F009CCFF6 /* Build configuration list for PBXNativeTarget "MKFoundationExample" */;
			buildPhases = (
				4DD8FB6827EB468E009CCFF6 /* Sources */,
				4DD8FB6927EB468E009CCFF6 /* Frameworks */,
				4DD8FB6A27EB468E009CCFF6 /* Resources */,
			);
			buildRules = (
			);
			dependencies = (
			);
			name = MKFoundationExample;
			packageProductDependencies = (
				4DD8FB8627EB4701009CCFF6 /* MKFoundation */,
				4DD8FBAA27EB6887009CCFF6 /* SnapKit */,
			);
			productName = MKFoundationExample;
			productReference = 4DD8FB6C27EB468E009CCFF6 /* MKFoundationExample.app */;
			productType = "com.apple.product-type.application";
		};
/* End PBXNativeTarget section */

/* Begin PBXProject section */
		4DD8FB6427EB468E009CCFF6 /* Project object */ = {
			isa = PBXProject;
			attributes = {
				BuildIndependentTargetsInParallel = 1;
				LastSwiftUpdateCheck = 1330;
				LastUpgradeCheck = 1330;
				TargetAttributes = {
					4DD8FB6B27EB468E009CCFF6 = {
						CreatedOnToolsVersion = 13.3;
					};
				};
			};
			buildConfigurationList = 4DD8FB6727EB468E009CCFF6 /* Build configuration list for PBXProject "MKFoundationExample" */;
			compatibilityVersion = "Xcode 13.0";
			developmentRegion = en;
			hasScannedForEncodings = 0;
			knownRegions = (
				en,
				Base,
			);
			mainGroup = 4DD8FB6327EB468E009CCFF6;
			packageReferences = (
				4DD8FBA927EB6887009CCFF6 /* XCRemoteSwiftPackageReference "SnapKit" */,
			);
			productRefGroup = 4DD8FB6D27EB468E009CCFF6 /* Products */;
			projectDirPath = "";
			projectRoot = "";
			targets = (
				4DD8FB6B27EB468E009CCFF6 /* MKFoundationExample */,
			);
		};
/* End PBXProject section */

/* Begin PBXResourcesBuildPhase section */
		4DD8FB6A27EB468E009CCFF6 /* Resources */ = {
			isa = PBXResourcesBuildPhase;
			buildActionMask = 2147483647;
			files = (
				4DD8FB7C27EB468F009CCFF6 /* LaunchScreen.storyboard in Resources */,
				4DD8FB7927EB468F009CCFF6 /* Assets.xcassets in Resources */,
			);
			runOnlyForDeploymentPostprocessing = 0;
		};
/* End PBXResourcesBuildPhase section */

/* Begin PBXSourcesBuildPhase section */
		4DD8FB6827EB468E009CCFF6 /* Sources */ = {
			isa = PBXSourcesBuildPhase;
			buildActionMask = 2147483647;
			files = (
				4DD8FBA227EB5B0E009CCFF6 /* ExampleListViewController.swift in Sources */,
				4DD8FBBE27EB76FE009CCFF6 /* ButtonListDiffableDataSource.swift in Sources */,
				4D53425827EC0FCA0070D823 /* SelectBoxListCoordinator.swift in Sources */,
				4DD8FBAE27EB68EE009CCFF6 /* ExampleListCell.swift in Sources */,
				4DD8FB9527EB4D43009CCFF6 /* BaseViewController.swift in Sources */,
				4D53425727EC0FCA0070D823 /* SelectBoxListViewModel.swift in Sources */,
				4DD8FB8C27EB4921009CCFF6 /* AppCoordinator.swift in Sources */,
				4DD8FBBB27EB769C009CCFF6 /* ButtonListCoordinator.swift in Sources */,
				4D53425927EC0FCA0070D823 /* SelectBoxListViewController.swift in Sources */,
				4DD8FB8E27EB4941009CCFF6 /* BaseCoordinator.swift in Sources */,
				4DD8FBBC27EB769C009CCFF6 /* ButtonListViewController.swift in Sources */,
				4DD8FBA127EB5B0E009CCFF6 /* ExampleListCoordinator.swift in Sources */,
				4DD8FB9027EB4969009CCFF6 /* Coordinator+FlowType.swift in Sources */,
				4DD8FBA827EB6800009CCFF6 /* ExampleListTypes.swift in Sources */,
				4DD8FB7027EB468E009CCFF6 /* AppDelegate.swift in Sources */,
				4D53425D27EC12120070D823 /* SelectBoxListCell.swift in Sources */,
				4DD8FBBA27EB769C009CCFF6 /* ButtonListViewModel.swift in Sources */,
				4DD8FBC127EB7858009CCFF6 /* ButtonCell.swift in Sources */,
				4DD8FBA027EB5B0E009CCFF6 /* ExampleListViewModel.swift in Sources */,
				4D53425B27EC10FE0070D823 /* SelectBoxListDiffableDataSource.swift in Sources */,
				4D53426027EC1EF90070D823 /* SelectBoxListHeaderView.swift in Sources */,
				4DD8FBB227EB6BE5009CCFF6 /* ExampleListViewController+Datasource.swift in Sources */,
				4DD8FB9727EB4DF3009CCFF6 /* BaseViewModel.swift in Sources */,
			);
			runOnlyForDeploymentPostprocessing = 0;
		};
/* End PBXSourcesBuildPhase section */

/* Begin PBXVariantGroup section */
		4DD8FB7A27EB468F009CCFF6 /* LaunchScreen.storyboard */ = {
			isa = PBXVariantGroup;
			children = (
				4DD8FB7B27EB468F009CCFF6 /* Base */,
			);
			name = LaunchScreen.storyboard;
			sourceTree = "<group>";
		};
/* End PBXVariantGroup section */

/* Begin XCBuildConfiguration section */
		4DD8FB7E27EB468F009CCFF6 /* Debug */ = {
			isa = XCBuildConfiguration;
			buildSettings = {
				ALWAYS_SEARCH_USER_PATHS = NO;
				CLANG_ANALYZER_NONNULL = YES;
				CLANG_ANALYZER_NUMBER_OBJECT_CONVERSION = YES_AGGRESSIVE;
				CLANG_CXX_LANGUAGE_STANDARD = "gnu++17";
				CLANG_ENABLE_MODULES = YES;
				CLANG_ENABLE_OBJC_ARC = YES;
				CLANG_ENABLE_OBJC_WEAK = YES;
				CLANG_WARN_BLOCK_CAPTURE_AUTORELEASING = YES;
				CLANG_WARN_BOOL_CONVERSION = YES;
				CLANG_WARN_COMMA = YES;
				CLANG_WARN_CONSTANT_CONVERSION = YES;
				CLANG_WARN_DEPRECATED_OBJC_IMPLEMENTATIONS = YES;
				CLANG_WARN_DIRECT_OBJC_ISA_USAGE = YES_ERROR;
				CLANG_WARN_DOCUMENTATION_COMMENTS = YES;
				CLANG_WARN_EMPTY_BODY = YES;
				CLANG_WARN_ENUM_CONVERSION = YES;
				CLANG_WARN_INFINITE_RECURSION = YES;
				CLANG_WARN_INT_CONVERSION = YES;
				CLANG_WARN_NON_LITERAL_NULL_CONVERSION = YES;
				CLANG_WARN_OBJC_IMPLICIT_RETAIN_SELF = YES;
				CLANG_WARN_OBJC_LITERAL_CONVERSION = YES;
				CLANG_WARN_OBJC_ROOT_CLASS = YES_ERROR;
				CLANG_WARN_QUOTED_INCLUDE_IN_FRAMEWORK_HEADER = YES;
				CLANG_WARN_RANGE_LOOP_ANALYSIS = YES;
				CLANG_WARN_STRICT_PROTOTYPES = YES;
				CLANG_WARN_SUSPICIOUS_MOVE = YES;
				CLANG_WARN_UNGUARDED_AVAILABILITY = YES_AGGRESSIVE;
				CLANG_WARN_UNREACHABLE_CODE = YES;
				CLANG_WARN__DUPLICATE_METHOD_MATCH = YES;
				COPY_PHASE_STRIP = NO;
				DEBUG_INFORMATION_FORMAT = dwarf;
				ENABLE_STRICT_OBJC_MSGSEND = YES;
				ENABLE_TESTABILITY = YES;
				GCC_C_LANGUAGE_STANDARD = gnu11;
				GCC_DYNAMIC_NO_PIC = NO;
				GCC_NO_COMMON_BLOCKS = YES;
				GCC_OPTIMIZATION_LEVEL = 0;
				GCC_PREPROCESSOR_DEFINITIONS = (
					"DEBUG=1",
					"$(inherited)",
				);
				GCC_WARN_64_TO_32_BIT_CONVERSION = YES;
				GCC_WARN_ABOUT_RETURN_TYPE = YES_ERROR;
				GCC_WARN_UNDECLARED_SELECTOR = YES;
				GCC_WARN_UNINITIALIZED_AUTOS = YES_AGGRESSIVE;
				GCC_WARN_UNUSED_FUNCTION = YES;
				GCC_WARN_UNUSED_VARIABLE = YES;
				IPHONEOS_DEPLOYMENT_TARGET = 13.0;
				MTL_ENABLE_DEBUG_INFO = INCLUDE_SOURCE;
				MTL_FAST_MATH = YES;
				ONLY_ACTIVE_ARCH = YES;
				SDKROOT = iphoneos;
				SWIFT_ACTIVE_COMPILATION_CONDITIONS = DEBUG;
				SWIFT_OPTIMIZATION_LEVEL = "-Onone";
			};
			name = Debug;
		};
		4DD8FB7F27EB468F009CCFF6 /* Release */ = {
			isa = XCBuildConfiguration;
			buildSettings = {
				ALWAYS_SEARCH_USER_PATHS = NO;
				CLANG_ANALYZER_NONNULL = YES;
				CLANG_ANALYZER_NUMBER_OBJECT_CONVERSION = YES_AGGRESSIVE;
				CLANG_CXX_LANGUAGE_STANDARD = "gnu++17";
				CLANG_ENABLE_MODULES = YES;
				CLANG_ENABLE_OBJC_ARC = YES;
				CLANG_ENABLE_OBJC_WEAK = YES;
				CLANG_WARN_BLOCK_CAPTURE_AUTORELEASING = YES;
				CLANG_WARN_BOOL_CONVERSION = YES;
				CLANG_WARN_COMMA = YES;
				CLANG_WARN_CONSTANT_CONVERSION = YES;
				CLANG_WARN_DEPRECATED_OBJC_IMPLEMENTATIONS = YES;
				CLANG_WARN_DIRECT_OBJC_ISA_USAGE = YES_ERROR;
				CLANG_WARN_DOCUMENTATION_COMMENTS = YES;
				CLANG_WARN_EMPTY_BODY = YES;
				CLANG_WARN_ENUM_CONVERSION = YES;
				CLANG_WARN_INFINITE_RECURSION = YES;
				CLANG_WARN_INT_CONVERSION = YES;
				CLANG_WARN_NON_LITERAL_NULL_CONVERSION = YES;
				CLANG_WARN_OBJC_IMPLICIT_RETAIN_SELF = YES;
				CLANG_WARN_OBJC_LITERAL_CONVERSION = YES;
				CLANG_WARN_OBJC_ROOT_CLASS = YES_ERROR;
				CLANG_WARN_QUOTED_INCLUDE_IN_FRAMEWORK_HEADER = YES;
				CLANG_WARN_RANGE_LOOP_ANALYSIS = YES;
				CLANG_WARN_STRICT_PROTOTYPES = YES;
				CLANG_WARN_SUSPICIOUS_MOVE = YES;
				CLANG_WARN_UNGUARDED_AVAILABILITY = YES_AGGRESSIVE;
				CLANG_WARN_UNREACHABLE_CODE = YES;
				CLANG_WARN__DUPLICATE_METHOD_MATCH = YES;
				COPY_PHASE_STRIP = NO;
				DEBUG_INFORMATION_FORMAT = "dwarf-with-dsym";
				ENABLE_NS_ASSERTIONS = NO;
				ENABLE_STRICT_OBJC_MSGSEND = YES;
				GCC_C_LANGUAGE_STANDARD = gnu11;
				GCC_NO_COMMON_BLOCKS = YES;
				GCC_WARN_64_TO_32_BIT_CONVERSION = YES;
				GCC_WARN_ABOUT_RETURN_TYPE = YES_ERROR;
				GCC_WARN_UNDECLARED_SELECTOR = YES;
				GCC_WARN_UNINITIALIZED_AUTOS = YES_AGGRESSIVE;
				GCC_WARN_UNUSED_FUNCTION = YES;
				GCC_WARN_UNUSED_VARIABLE = YES;
				IPHONEOS_DEPLOYMENT_TARGET = 13.0;
				MTL_ENABLE_DEBUG_INFO = NO;
				MTL_FAST_MATH = YES;
				SDKROOT = iphoneos;
				SWIFT_COMPILATION_MODE = wholemodule;
				SWIFT_OPTIMIZATION_LEVEL = "-O";
				VALIDATE_PRODUCT = YES;
			};
			name = Release;
		};
		4DD8FB8127EB468F009CCFF6 /* Debug */ = {
			isa = XCBuildConfiguration;
			buildSettings = {
				ASSETCATALOG_COMPILER_APPICON_NAME = AppIcon;
				ASSETCATALOG_COMPILER_GLOBAL_ACCENT_COLOR_NAME = AccentColor;
				CODE_SIGN_STYLE = Manual;
				CURRENT_PROJECT_VERSION = 1;
				DEVELOPMENT_TEAM = "";
				GENERATE_INFOPLIST_FILE = YES;
				INFOPLIST_FILE = MKFoundationExample/Info.plist;
				INFOPLIST_KEY_CFBundleDisplayName = "MKFoundation Example";
				INFOPLIST_KEY_UIApplicationSupportsIndirectInputEvents = YES;
				INFOPLIST_KEY_UILaunchStoryboardName = LaunchScreen;
				INFOPLIST_KEY_UISupportedInterfaceOrientations_iPad = "UIInterfaceOrientationPortrait UIInterfaceOrientationPortraitUpsideDown UIInterfaceOrientationLandscapeLeft UIInterfaceOrientationLandscapeRight";
				INFOPLIST_KEY_UISupportedInterfaceOrientations_iPhone = "UIInterfaceOrientationPortrait UIInterfaceOrientationLandscapeLeft UIInterfaceOrientationLandscapeRight";
				IPHONEOS_DEPLOYMENT_TARGET = 13.0;
				LD_RUNPATH_SEARCH_PATHS = (
					"$(inherited)",
					"@executable_path/Frameworks",
				);
				MARKETING_VERSION = 1.0.0;
				PRODUCT_BUNDLE_IDENTIFIER = com.remain.MKFoundationExample;
				PRODUCT_NAME = "$(TARGET_NAME)";
				PROVISIONING_PROFILE_SPECIFIER = "";
				SWIFT_EMIT_LOC_STRINGS = YES;
				SWIFT_VERSION = 5.0;
				TARGETED_DEVICE_FAMILY = 1;
			};
			name = Debug;
		};
		4DD8FB8227EB468F009CCFF6 /* Release */ = {
			isa = XCBuildConfiguration;
			buildSettings = {
				ASSETCATALOG_COMPILER_APPICON_NAME = AppIcon;
				ASSETCATALOG_COMPILER_GLOBAL_ACCENT_COLOR_NAME = AccentColor;
				CODE_SIGN_STYLE = Manual;
				CURRENT_PROJECT_VERSION = 1;
				DEVELOPMENT_TEAM = "";
				GENERATE_INFOPLIST_FILE = YES;
				INFOPLIST_FILE = MKFoundationExample/Info.plist;
				INFOPLIST_KEY_CFBundleDisplayName = "MKFoundation Example";
				INFOPLIST_KEY_UIApplicationSupportsIndirectInputEvents = YES;
				INFOPLIST_KEY_UILaunchStoryboardName = LaunchScreen;
				INFOPLIST_KEY_UISupportedInterfaceOrientations_iPad = "UIInterfaceOrientationPortrait UIInterfaceOrientationPortraitUpsideDown UIInterfaceOrientationLandscapeLeft UIInterfaceOrientationLandscapeRight";
				INFOPLIST_KEY_UISupportedInterfaceOrientations_iPhone = "UIInterfaceOrientationPortrait UIInterfaceOrientationLandscapeLeft UIInterfaceOrientationLandscapeRight";
				IPHONEOS_DEPLOYMENT_TARGET = 13.0;
				LD_RUNPATH_SEARCH_PATHS = (
					"$(inherited)",
					"@executable_path/Frameworks",
				);
				MARKETING_VERSION = 1.0.0;
				PRODUCT_BUNDLE_IDENTIFIER = com.remain.MKFoundationExample;
				PRODUCT_NAME = "$(TARGET_NAME)";
				PROVISIONING_PROFILE_SPECIFIER = "";
				SWIFT_EMIT_LOC_STRINGS = YES;
				SWIFT_VERSION = 5.0;
				TARGETED_DEVICE_FAMILY = 1;
			};
			name = Release;
		};
/* End XCBuildConfiguration section */

/* Begin XCConfigurationList section */
		4DD8FB6727EB468E009CCFF6 /* Build configuration list for PBXProject "MKFoundationExample" */ = {
			isa = XCConfigurationList;
			buildConfigurations = (
				4DD8FB7E27EB468F009CCFF6 /* Debug */,
				4DD8FB7F27EB468F009CCFF6 /* Release */,
			);
			defaultConfigurationIsVisible = 0;
			defaultConfigurationName = Release;
		};
		4DD8FB8027EB468F009CCFF6 /* Build configuration list for PBXNativeTarget "MKFoundationExample" */ = {
			isa = XCConfigurationList;
			buildConfigurations = (
				4DD8FB8127EB468F009CCFF6 /* Debug */,
				4DD8FB8227EB468F009CCFF6 /* Release */,
			);
			defaultConfigurationIsVisible = 0;
			defaultConfigurationName = Release;
		};
/* End XCConfigurationList section */

/* Begin XCRemoteSwiftPackageReference section */
		4DD8FBA927EB6887009CCFF6 /* XCRemoteSwiftPackageReference "SnapKit" */ = {
			isa = XCRemoteSwiftPackageReference;
			repositoryURL = "https://github.com/SnapKit/SnapKit";
			requirement = {
				kind = upToNextMajorVersion;
				minimumVersion = 5.0.0;
			};
		};
/* End XCRemoteSwiftPackageReference section */

/* Begin XCSwiftPackageProductDependency section */
		4DD8FB8627EB4701009CCFF6 /* MKFoundation */ = {
			isa = XCSwiftPackageProductDependency;
			productName = MKFoundation;
		};
		4DD8FBAA27EB6887009CCFF6 /* SnapKit */ = {
			isa = XCSwiftPackageProductDependency;
			package = 4DD8FBA927EB6887009CCFF6 /* XCRemoteSwiftPackageReference "SnapKit" */;
			productName = SnapKit;
		};
/* End XCSwiftPackageProductDependency section */
	};
	rootObject = 4DD8FB6427EB468E009CCFF6 /* Project object */;
}
